{
  "name": "silvercommerce",
  "version": "1.0.0",
  "lockfileVersion": 1,
  "requires": true,
  "dependencies": {
    "@fortawesome/fontawesome": {
      "version": "1.1.4",
      "resolved": "https://registry.npmjs.org/@fortawesome/fontawesome/-/fontawesome-1.1.4.tgz",
      "integrity": "sha1-AwZWOARiBsIibhA7VQGWk0x1vps=",
      "requires": {
        "@fortawesome/fontawesome-common-types": "0.1.3"
      },
      "dependencies": {
        "@fortawesome/fontawesome-common-types": {
          "version": "0.1.3",
          "resolved": "https://registry.npmjs.org/@fortawesome/fontawesome-common-types/-/fontawesome-common-types-0.1.3.tgz",
          "integrity": "sha1-hHXg8tGtH4WMTsLnbtmiRWoJrYM="
        }
      }
    },
    "@fortawesome/fontawesome-common-types": {
      "version": "0.1.3",
      "resolved": "https://registry.npmjs.org/@fortawesome/fontawesome-common-types/-/fontawesome-common-types-0.1.3.tgz",
      "integrity": "sha512-jJXUoNkmHozqlcXzNiYytcmEe3eNxn7Vh8hmnIoRi0TmT3ChQ0osuSApuIObIomnIcvqlA24FCpnamKvfZ7F5g=="
    },
    "@fortawesome/fontawesome-free-brands": {
      "version": "5.0.8",
      "resolved": "https://registry.npmjs.org/@fortawesome/fontawesome-free-brands/-/fontawesome-free-brands-5.0.8.tgz",
      "integrity": "sha512-r7qD8ZZt4ke0w1ZBHuINNIVHlSQpZOxhToF8CA2PK1TQsg2l/PsM2reTlzkNg/t1EldU4ivXW/qt6Y/uHEMMhw==",
      "requires": {
        "@fortawesome/fontawesome-common-types": "0.1.3"
      }
    },
    "@fortawesome/fontawesome-free-regular": {
      "version": "5.0.8",
      "resolved": "https://registry.npmjs.org/@fortawesome/fontawesome-free-regular/-/fontawesome-free-regular-5.0.8.tgz",
      "integrity": "sha512-FsLlHx6tKr6sE6Vy8rUEOJI39/UeLebsMGfcsLfvTfq//Y4hjRFJuK1LWpunmOTfT8oxUNvp9fuDPlxO42MEfg==",
      "requires": {
        "@fortawesome/fontawesome-common-types": "0.1.3"
      }
    },
    "@fortawesome/fontawesome-free-solid": {
      "version": "5.0.8",
      "resolved": "https://registry.npmjs.org/@fortawesome/fontawesome-free-solid/-/fontawesome-free-solid-5.0.8.tgz",
      "integrity": "sha512-c7cO2YkX+q1jprm/jMq7hzwl46uaeu1T+UF6ecOnvKIvpZbhmA3swomTDgXUXwVTnY17B9hc7XgXLKjzADFxOw==",
      "requires": {
        "@fortawesome/fontawesome-common-types": "0.1.3"
      }
    },
    "bootstrap": {
      "version": "4.0.0",
      "resolved": "https://registry.npmjs.org/bootstrap/-/bootstrap-4.0.0.tgz",
      "integrity": "sha1-zrA4QsFF/MG5tOFdoqBWVrpoRpo="
    },
    "ev-emitter": {
      "version": "1.1.1",
      "resolved": "https://registry.npmjs.org/ev-emitter/-/ev-emitter-1.1.1.tgz",
      "integrity": "sha1-jxiwzlx2pdGAF/ccCnlcZbkTjyo="
    },
    "imagesloaded": {
      "version": "4.1.4",
      "resolved": "https://registry.npmjs.org/imagesloaded/-/imagesloaded-4.1.4.tgz",
      "integrity": "sha1-E3bvzRYrt2jDTDcnrInMBAUfPMc=",
      "requires": {
        "ev-emitter": "1.1.1"
      }
    },
    "jquery": {
      "version": "3.3.1",
      "resolved": "https://registry.npmjs.org/jquery/-/jquery-3.3.1.tgz",
      "integrity": "sha1-lYzinoHJeQ8xvneS311NlfxX+8o="
    },
    "jquery-zoom": {
      "version": "1.7.20",
      "resolved": "https://registry.npmjs.org/jquery-zoom/-/jquery-zoom-1.7.20.tgz",
      "integrity": "sha1-Jbn53FCAS0jCHxeWlJpfasF/u6c=",
      "requires": {
        "jquery": "3.3.1"
      }
    },
    "matchheight": {
      "version": "0.1.0",
      "resolved": "https://registry.npmjs.org/matchheight/-/matchheight-0.1.0.tgz",
      "integrity": "sha1-q9loJLSouGO9zelwXEfI+nWQGaM="
    },
    "popper.js": {
      "version": "1.12.9",
      "resolved": "https://registry.npmjs.org/popper.js/-/popper.js-1.12.9.tgz",
      "integrity": "sha1-DfvC3/lsRRuzMu3Pz6r1ZtMx1bM="
    },
    "tether": {
      "version": "1.4.3",
      "resolved": "https://registry.npmjs.org/tether/-/tether-1.4.3.tgz",
      "integrity": "sha1-/VRwJMR7blybh+GID5l5kammrVQ="
    }
  }
}
